
Microsoft Visual Studio Solution File, Format Version 12.00
# Visual Studio Version 17
VisualStudioVersion = 17.9.34728.123
MinimumVisualStudioVersion = 10.0.40219.1
Project("{FAE04EC0-301F-11D3-BF4B-00C04F79EFBC}") = "CodingChallenge", "CodingChallenge.csproj", "{5D5BFF73-8993-4A41-8C24-CC297D612816}"
EndProject
Global
	GlobalSection(SolutionConfigurationPlatforms) = preSolution
		Debug|Any CPU = Debug|Any CPU
		Release|Any CPU = Release|Any CPU
	EndGlobalSection
	GlobalSection(ProjectConfigurationPlatforms) = postSolution
		{5D5BFF73-8993-4A41-8C24-CC297D612816}.Debug|Any CPU.ActiveCfg = Debug|Any CPU
		{5D5BFF73-8993-4A41-8C24-CC297D612816}.Debug|Any CPU.Build.0 = Debug|Any CPU
		{5D5BFF73-8993-4A41-8C24-CC297D612816}.Release|Any CPU.ActiveCfg = Release|Any CPU
		{5D5BFF73-8993-4A41-8C24-CC297D612816}.Release|Any CPU.Build.0 = Release|Any CPU
	EndGlobalSection
	GlobalSection(SolutionProperties) = preSolution
		HideSolutionNode = FALSE
	EndGlobalSection
	GlobalSection(ExtensibilityGlobals) = postSolution
		SolutionGuid = {4120CCFC-2B9F-4873-B286-3A63A174ADF1}
	EndGlobalSection
EndGlobal
